{
  "version": 4,
  "terraform_version": "1.9.5",
  "serial": 18,
  "lineage": "24b0efd2-2279-6b26-49d4-fe196ced7f48",
  "outputs": {},
  "resources": [
    {
      "mode": "managed",
      "type": "local_file",
      "name": "my_pet",
      "provider": "provider[\"registry.terraform.io/hashicorp/local\"]",
      "instances": [
        {
          "schema_version": 0,
          "attributes": {
            "content": "My cat name is ZEBRA",
            "content_base64": null,
            "content_base64sha256": "5c9j1q70wEd/tMAybw7fAKPWQyZo7FQP6EjqV7l0Tqk=",
            "content_base64sha512": "iPIRS60inc6pOOCdBBIqrjyRfDfPRoGs8tGxEOqePbOldsFN0xnrYCyZqSZSkv4yKd/VIdHQoCq+H3HsgkquMg==",
            "content_md5": "e7fced7f4b0538a039a019b27b1f8ba9",
            "content_sha1": "411aedc900740e8bc5503a2edafd0542c09e7551",
            "content_sha256": "e5cf63d6aef4c0477fb4c0326f0edf00a3d6432668ec540fe848ea57b9744ea9",
            "content_sha512": "88f2114bad229dcea938e09d04122aae3c917c37cf4681acf2d1b110ea9e3db3a576c14dd319eb602c99a9265292fe3229dfd521d1d0a02abe1f71ec824aae32",
            "directory_permission": "0777",
            "file_permission": "0777",
            "filename": "/pets.txt",
            "id": "411aedc900740e8bc5503a2edafd0542c09e7551",
            "sensitive_content": null,
            "source": null
          },
          "sensitive_attributes": [
            [
              {
                "type": "get_attr",
                "value": "sensitive_content"
              }
            ]
          ],
          "create_before_destroy": true
        }
      ]
    },
    {
      "mode": "managed",
      "type": "random_pet",
      "name": "petname",
      "provider": "provider[\"registry.terraform.io/hashicorp/random\"]",
      "instances": [
        {
          "schema_version": 0,
          "attributes": {
            "id": "MR.sunbird",
            "keepers": null,
            "length": 1,
            "prefix": "MR",
            "separator": "."
          },
          "sensitive_attributes": []
        }
      ]
    }
  ],
  "check_results": null
}
